{
  "pins" : [
    {
      "identity" : "swift-peer-tunnel",
      "kind" : "remoteSourceControl",
      "location" : "https://github.com/valentinradu/swift-peer-tunnel.git",
      "state" : {
        "revision" : "7809375d94f7c49ff0799a41754b5096c7611bac",
        "version" : "0.0.6"
      }
    }
  ],
  "version" : 2
}
